# THIS IS AN AUTOGENERATED FILE. DO NOT EDIT THIS FILE DIRECTLY.
# yarn lockfile v1


air-datepicker@^2.2.3:
  version "2.2.3"
  resolved "https://registry.yarnpkg.com/air-datepicker/-/air-datepicker-2.2.3.tgz#9dbb6bc6bc8c9d9db380475091370dad82c2f787"
  integrity sha1-nbtrxryMnZ2zgEdQkTcNrYLC94c=
  dependencies:
    jquery ">=2.0.0 <4.0.0"

datatables.net-se@^1.10.19:
  version "1.10.19"
  resolved "https://registry.yarnpkg.com/datatables.net-se/-/datatables.net-se-1.10.19.tgz#3a451a0a7e2734204c88ce9471216d7a4d9e343e"
  integrity sha512-62OaBUW2ZM4i5mOMOc8WQ+H9l93YKAdpQoUVPzlvvNNhVDmSrS8eL2cxUKxJAJE+SxIRlC9XTh9hVga9VDWaJw==
  dependencies:
    datatables.net "1.10.19"
    jquery ">=1.7"

datatables.net@1.10.19:
  version "1.10.19"
  resolved "https://registry.yarnpkg.com/datatables.net/-/datatables.net-1.10.19.tgz#97a1ed41c85e62d61040603481b59790a172dd1f"
  integrity sha512-+ljXcI6Pj3PTGy5pesp3E5Dr3x3AV45EZe0o1r0gKENN2gafBKXodVnk2ypKwl2tTmivjxbkiqoWnipTefyBTA==
  dependencies:
    jquery ">=1.7"

jquery@>=1.12.0, jquery@>=1.7, jquery@>=1.7.0, "jquery@>=2.0.0 <4.0.0":
  version "3.3.1"
  resolved "https://registry.yarnpkg.com/jquery/-/jquery-3.3.1.tgz#958ce29e81c9790f31be7792df5d4d95fc57fbca"
  integrity sha512-Ubldcmxp5np52/ENotGxlLe6aGMvmF4R8S6tZjsP6Knsaxd/xp3Zrh50cG93lR6nPXyUFwzN3ZSOQI0wRJNdGg==

simplelightbox@^1.15.0:
  version "1.15.0"
  resolved "https://registry.yarnpkg.com/simplelightbox/-/simplelightbox-1.15.0.tgz#e81daf9cec382894defce2fc56b032988f188ae8"
  integrity sha512-ltknkJKHSRG/kL1Ow7y7Dy+mdT0kGfRWOnsYpsag272Z5VfaunTMJtw07GQ/De0hDdja0rLh+OgpJ1GoDtpByg==
  dependencies:
    jquery ">=1.7.0"

sweetalert2@^7.29.0:
  version "7.29.0"
  resolved "https://registry.yarnpkg.com/sweetalert2/-/sweetalert2-7.29.0.tgz#636aa5e0a57bbbb75501ef39104fc68a1a26b351"
  integrity sha512-QYMpgj+W1nmE5I6hQ+Kvj+xSAJ78o5oawNOm65fq+0DRuZqmNPwGNnyfMcA3/porpje6RjXJd41NCJN8Rj83wQ==

toastr@^2.1.4:
  version "2.1.4"
  resolved "https://registry.yarnpkg.com/toastr/-/toastr-2.1.4.tgz#8b43be64fb9d0c414871446f2db8e8ca4e95f181"
  integrity sha1-i0O+ZPudDEFIcURvLbjoyk6V8YE=
  dependencies:
    jquery ">=1.12.0"
