# THIS IS AN AUTOGENERATED FILE. DO NOT EDIT THIS FILE DIRECTLY.
# yarn lockfile v1


air-datepicker@^2.2.3:
  version "2.2.3"
  resolved "https://registry.yarnpkg.com/air-datepicker/-/air-datepicker-2.2.3.tgz#9dbb6bc6bc8c9d9db380475091370dad82c2f787"
  integrity sha1-nbtrxryMnZ2zgEdQkTcNrYLC94c=
  dependencies:
    jquery ">=2.0.0 <4.0.0"

jquery.nicescroll@^3.7.6:
  version "3.7.6"
  resolved "https://registry.yarnpkg.com/jquery.nicescroll/-/jquery.nicescroll-3.7.6.tgz#afeff3e80658dabe4f78d2d2e84250060fea0852"
  integrity sha1-r+/z6AZY2r5PeNLS6EJQBg/qCFI=
  dependencies:
    jquery ">=1.8.3"

jquery@>=1.12.0, jquery@>=1.8.3, "jquery@>=2.0.0 <4.0.0":
  version "3.3.1"
  resolved "https://registry.yarnpkg.com/jquery/-/jquery-3.3.1.tgz#958ce29e81c9790f31be7792df5d4d95fc57fbca"
  integrity sha512-Ubldcmxp5np52/ENotGxlLe6aGMvmF4R8S6tZjsP6Knsaxd/xp3Zrh50cG93lR6nPXyUFwzN3ZSOQI0wRJNdGg==

toastr@^2.1.4:
  version "2.1.4"
  resolved "https://registry.yarnpkg.com/toastr/-/toastr-2.1.4.tgz#8b43be64fb9d0c414871446f2db8e8ca4e95f181"
  integrity sha1-i0O+ZPudDEFIcURvLbjoyk6V8YE=
  dependencies:
    jquery ">=1.12.0"
